
Microsoft Visual Studio Solution File, Format Version 12.00
# Visual Studio Version 17
VisualStudioVersion = 17.11.35222.181
MinimumVisualStudioVersion = 10.0.40219.1
Project("{FAE04EC0-301F-11D3-BF4B-00C04F79EFBC}") = "ASPA001", "ASPA001\ASPA001.csproj", "{36570A7B-5462-48A0-A9FB-1927E0F0CC7E}"
EndProject
Global
	GlobalSection(SolutionConfigurationPlatforms) = preSolution
		Debug|Any CPU = Debug|Any CPU
		Release|Any CPU = Release|Any CPU
	EndGlobalSection
	GlobalSection(ProjectConfigurationPlatforms) = postSolution
		{36570A7B-5462-48A0-A9FB-1927E0F0CC7E}.Debug|Any CPU.ActiveCfg = Debug|Any CPU
		{36570A7B-5462-48A0-A9FB-1927E0F0CC7E}.Debug|Any CPU.Build.0 = Debug|Any CPU
		{36570A7B-5462-48A0-A9FB-1927E0F0CC7E}.Release|Any CPU.ActiveCfg = Release|Any CPU
		{36570A7B-5462-48A0-A9FB-1927E0F0CC7E}.Release|Any CPU.Build.0 = Release|Any CPU
	EndGlobalSection
	GlobalSection(SolutionProperties) = preSolution
		HideSolutionNode = FALSE
	EndGlobalSection
	GlobalSection(ExtensibilityGlobals) = postSolution
		SolutionGuid = {3B98AB29-4DA7-4399-8F39-AB945099DDA8}
	EndGlobalSection
EndGlobal
