
Microsoft Visual Studio Solution File, Format Version 12.00
# Visual Studio Version 17
VisualStudioVersion = 17.12.35527.113 d17.12
MinimumVisualStudioVersion = 10.0.40219.1
Project("{FAE04EC0-301F-11D3-BF4B-00C04F79EFBC}") = "DAL003", "DAL003\DAL003.csproj", "{48975C4C-FD55-4234-956C-B461B8BD2EF0}"
EndProject
Project("{FAE04EC0-301F-11D3-BF4B-00C04F79EFBC}") = "Test_DAL003", "Test_DAL003\Test_DAL003.csproj", "{62D1C66D-03E8-4D35-A165-EF5EB79E08E2}"
EndProject
Project("{FAE04EC0-301F-11D3-BF4B-00C04F79EFBC}") = "ASPA003", "ASPA003\ASPA003.csproj", "{32008C12-1BE2-4083-8F16-47A3976A7030}"
EndProject
Global
	GlobalSection(SolutionConfigurationPlatforms) = preSolution
		Debug|Any CPU = Debug|Any CPU
		Release|Any CPU = Release|Any CPU
	EndGlobalSection
	GlobalSection(ProjectConfigurationPlatforms) = postSolution
		{48975C4C-FD55-4234-956C-B461B8BD2EF0}.Debug|Any CPU.ActiveCfg = Debug|Any CPU
		{48975C4C-FD55-4234-956C-B461B8BD2EF0}.Debug|Any CPU.Build.0 = Debug|Any CPU
		{48975C4C-FD55-4234-956C-B461B8BD2EF0}.Release|Any CPU.ActiveCfg = Release|Any CPU
		{48975C4C-FD55-4234-956C-B461B8BD2EF0}.Release|Any CPU.Build.0 = Release|Any CPU
		{62D1C66D-03E8-4D35-A165-EF5EB79E08E2}.Debug|Any CPU.ActiveCfg = Debug|Any CPU
		{62D1C66D-03E8-4D35-A165-EF5EB79E08E2}.Debug|Any CPU.Build.0 = Debug|Any CPU
		{62D1C66D-03E8-4D35-A165-EF5EB79E08E2}.Release|Any CPU.ActiveCfg = Release|Any CPU
		{62D1C66D-03E8-4D35-A165-EF5EB79E08E2}.Release|Any CPU.Build.0 = Release|Any CPU
		{32008C12-1BE2-4083-8F16-47A3976A7030}.Debug|Any CPU.ActiveCfg = Debug|Any CPU
		{32008C12-1BE2-4083-8F16-47A3976A7030}.Debug|Any CPU.Build.0 = Debug|Any CPU
		{32008C12-1BE2-4083-8F16-47A3976A7030}.Release|Any CPU.ActiveCfg = Release|Any CPU
		{32008C12-1BE2-4083-8F16-47A3976A7030}.Release|Any CPU.Build.0 = Release|Any CPU
	EndGlobalSection
	GlobalSection(SolutionProperties) = preSolution
		HideSolutionNode = FALSE
	EndGlobalSection
EndGlobal
