
Microsoft Visual Studio Solution File, Format Version 12.00
# Visual Studio Version 17
VisualStudioVersion = 17.12.35527.113
MinimumVisualStudioVersion = 10.0.40219.1
Project("{9A19103F-16F7-4668-BE54-9A1E7A4F7556}") = "DAL003", "DAL003\DAL003.csproj", "{48975C4C-FD55-4234-956C-B461B8BD2EF0}"
EndProject
Project("{9A19103F-16F7-4668-BE54-9A1E7A4F7556}") = "ASPA003", "ASPA003\ASPA003.csproj", "{32008C12-1BE2-4083-8F16-47A3976A7030}"
EndProject
Project("{9A19103F-16F7-4668-BE54-9A1E7A4F7556}") = "ASPA005_2", "ASPA005_2\ASPA005_2.csproj", "{E2FC9B88-C89C-4746-8CD0-4EDC8AA49ECD}"
EndProject
Project("{FAE04EC0-301F-11D3-BF4B-00C04F79EFBC}") = "ASPA005_3", "ASPA005_3\ASPA005_3.csproj", "{86DFFDDB-EB3B-44F6-8096-353282149BFE}"
EndProject
Project("{FAE04EC0-301F-11D3-BF4B-00C04F79EFBC}") = "Test_ASPA005_3", "Test_ASPA005_3\Test_ASPA005_3.csproj", "{6D9C56C7-5C80-43D5-A464-BB9962B1E20E}"
EndProject
Global
	GlobalSection(SolutionConfigurationPlatforms) = preSolution
		Debug|Any CPU = Debug|Any CPU
		Release|Any CPU = Release|Any CPU
	EndGlobalSection
	GlobalSection(ProjectConfigurationPlatforms) = postSolution
		{48975C4C-FD55-4234-956C-B461B8BD2EF0}.Debug|Any CPU.ActiveCfg = Debug|Any CPU
		{48975C4C-FD55-4234-956C-B461B8BD2EF0}.Debug|Any CPU.Build.0 = Debug|Any CPU
		{48975C4C-FD55-4234-956C-B461B8BD2EF0}.Release|Any CPU.ActiveCfg = Release|Any CPU
		{48975C4C-FD55-4234-956C-B461B8BD2EF0}.Release|Any CPU.Build.0 = Release|Any CPU
		{32008C12-1BE2-4083-8F16-47A3976A7030}.Debug|Any CPU.ActiveCfg = Debug|Any CPU
		{32008C12-1BE2-4083-8F16-47A3976A7030}.Debug|Any CPU.Build.0 = Debug|Any CPU
		{32008C12-1BE2-4083-8F16-47A3976A7030}.Release|Any CPU.ActiveCfg = Release|Any CPU
		{32008C12-1BE2-4083-8F16-47A3976A7030}.Release|Any CPU.Build.0 = Release|Any CPU
		{E2FC9B88-C89C-4746-8CD0-4EDC8AA49ECD}.Debug|Any CPU.ActiveCfg = Debug|Any CPU
		{E2FC9B88-C89C-4746-8CD0-4EDC8AA49ECD}.Debug|Any CPU.Build.0 = Debug|Any CPU
		{E2FC9B88-C89C-4746-8CD0-4EDC8AA49ECD}.Release|Any CPU.ActiveCfg = Release|Any CPU
		{E2FC9B88-C89C-4746-8CD0-4EDC8AA49ECD}.Release|Any CPU.Build.0 = Release|Any CPU
		{86DFFDDB-EB3B-44F6-8096-353282149BFE}.Debug|Any CPU.ActiveCfg = Debug|Any CPU
		{86DFFDDB-EB3B-44F6-8096-353282149BFE}.Debug|Any CPU.Build.0 = Debug|Any CPU
		{86DFFDDB-EB3B-44F6-8096-353282149BFE}.Release|Any CPU.ActiveCfg = Release|Any CPU
		{86DFFDDB-EB3B-44F6-8096-353282149BFE}.Release|Any CPU.Build.0 = Release|Any CPU
		{6D9C56C7-5C80-43D5-A464-BB9962B1E20E}.Debug|Any CPU.ActiveCfg = Debug|Any CPU
		{6D9C56C7-5C80-43D5-A464-BB9962B1E20E}.Debug|Any CPU.Build.0 = Debug|Any CPU
		{6D9C56C7-5C80-43D5-A464-BB9962B1E20E}.Release|Any CPU.ActiveCfg = Release|Any CPU
		{6D9C56C7-5C80-43D5-A464-BB9962B1E20E}.Release|Any CPU.Build.0 = Release|Any CPU
	EndGlobalSection
	GlobalSection(SolutionProperties) = preSolution
		HideSolutionNode = FALSE
	EndGlobalSection
	GlobalSection(ExtensibilityGlobals) = postSolution
		SolutionGuid = {2EEF7390-7A71-448C-8983-255EAC1E0F43}
	EndGlobalSection
EndGlobal
